
Microsoft Visual Studio Solution File, Format Version 12.00
# Visual Studio 15
VisualStudioVersion = 15.0.28307.1259
MinimumVisualStudioVersion = 10.0.40219.1
Project("{FAE04EC0-301F-11D3-BF4B-00C04F79EFBC}") = "WebApplication-Prueba1", "WebApplication-Prueba1\WebApplication-Prueba1.csproj", "{D8659D2D-634B-4FDF-B260-D34961A07B25}"
EndProject
Global
	GlobalSection(SolutionConfigurationPlatforms) = preSolution
		Debug|Any CPU = Debug|Any CPU
		Release|Any CPU = Release|Any CPU
	EndGlobalSection
	GlobalSection(ProjectConfigurationPlatforms) = postSolution
		{D8659D2D-634B-4FDF-B260-D34961A07B25}.Debug|Any CPU.ActiveCfg = Debug|Any CPU
		{D8659D2D-634B-4FDF-B260-D34961A07B25}.Debug|Any CPU.Build.0 = Debug|Any CPU
		{D8659D2D-634B-4FDF-B260-D34961A07B25}.Release|Any CPU.ActiveCfg = Release|Any CPU
		{D8659D2D-634B-4FDF-B260-D34961A07B25}.Release|Any CPU.Build.0 = Release|Any CPU
	EndGlobalSection
	GlobalSection(SolutionProperties) = preSolution
		HideSolutionNode = FALSE
	EndGlobalSection
	GlobalSection(ExtensibilityGlobals) = postSolution
		SolutionGuid = {7C506337-0D5D-45DF-9ABA-3F54DC746853}
	EndGlobalSection
EndGlobal
